
Microsoft Visual Studio Solution File, Format Version 12.00
# Visual Studio Version 17
VisualStudioVersion = 17.4.33110.190
MinimumVisualStudioVersion = 10.0.40219.1
Project("{FAE04EC0-301F-11D3-BF4B-00C04F79EFBC}") = "BubbleApp", "BubbleApp\BubbleApp.csproj", "{7C1163C9-CE36-43C2-8F37-DCC20E932EC4}"
EndProject
Project("{FAE04EC0-301F-11D3-BF4B-00C04F79EFBC}") = "BubbleTests", "BubbleTests\BubbleTests.csproj", "{99E48EC1-0041-4F02-ABD5-48E3E2CF4ACF}"
EndProject
Global
	GlobalSection(SolutionConfigurationPlatforms) = preSolution
		Debug|Any CPU = Debug|Any CPU
		Release|Any CPU = Release|Any CPU
	EndGlobalSection
	GlobalSection(ProjectConfigurationPlatforms) = postSolution
		{7C1163C9-CE36-43C2-8F37-DCC20E932EC4}.Debug|Any CPU.ActiveCfg = Debug|Any CPU
		{7C1163C9-CE36-43C2-8F37-DCC20E932EC4}.Debug|Any CPU.Build.0 = Debug|Any CPU
		{7C1163C9-CE36-43C2-8F37-DCC20E932EC4}.Release|Any CPU.ActiveCfg = Release|Any CPU
		{7C1163C9-CE36-43C2-8F37-DCC20E932EC4}.Release|Any CPU.Build.0 = Release|Any CPU
		{99E48EC1-0041-4F02-ABD5-48E3E2CF4ACF}.Debug|Any CPU.ActiveCfg = Debug|Any CPU
		{99E48EC1-0041-4F02-ABD5-48E3E2CF4ACF}.Debug|Any CPU.Build.0 = Debug|Any CPU
		{99E48EC1-0041-4F02-ABD5-48E3E2CF4ACF}.Release|Any CPU.ActiveCfg = Release|Any CPU
		{99E48EC1-0041-4F02-ABD5-48E3E2CF4ACF}.Release|Any CPU.Build.0 = Release|Any CPU
	EndGlobalSection
	GlobalSection(SolutionProperties) = preSolution
		HideSolutionNode = FALSE
	EndGlobalSection
	GlobalSection(ExtensibilityGlobals) = postSolution
		SolutionGuid = {0EAFBDA6-8B7C-404E-AA4D-B89AB4F08D0D}
	EndGlobalSection
EndGlobal
